
Microsoft Visual Studio Solution File, Format Version 12.00
# Visual Studio Version 16
VisualStudioVersion = 16.0.30413.136
MinimumVisualStudioVersion = 10.0.40219.1
Project("{FAE04EC0-301F-11D3-BF4B-00C04F79EFBC}") = "MenuProject", "MenuProject\MenuProject.csproj", "{8D79C808-6B54-4F28-832A-72B7936722D5}"
EndProject
Global
	GlobalSection(SolutionConfigurationPlatforms) = preSolution
		Debug|Any CPU = Debug|Any CPU
		Release|Any CPU = Release|Any CPU
	EndGlobalSection
	GlobalSection(ProjectConfigurationPlatforms) = postSolution
		{8D79C808-6B54-4F28-832A-72B7936722D5}.Debug|Any CPU.ActiveCfg = Debug|Any CPU
		{8D79C808-6B54-4F28-832A-72B7936722D5}.Debug|Any CPU.Build.0 = Debug|Any CPU
		{8D79C808-6B54-4F28-832A-72B7936722D5}.Release|Any CPU.ActiveCfg = Release|Any CPU
		{8D79C808-6B54-4F28-832A-72B7936722D5}.Release|Any CPU.Build.0 = Release|Any CPU
	EndGlobalSection
	GlobalSection(SolutionProperties) = preSolution
		HideSolutionNode = FALSE
	EndGlobalSection
	GlobalSection(ExtensibilityGlobals) = postSolution
		SolutionGuid = {70135E59-1640-4630-897C-DEBE4FABE541}
	EndGlobalSection
EndGlobal
